
Microsoft Visual Studio Solution File, Format Version 12.00
# Visual Studio Version 17
VisualStudioVersion = 17.0.32112.339
MinimumVisualStudioVersion = 10.0.40219.1
Project("{9A19103F-16F7-4668-BE54-9A1E7A4F7556}") = "ChatClient", "ChatClient\ChatClient.csproj", "{F58FED01-0928-4E1F-A54B-8926C1601CA3}"
EndProject
Project("{9A19103F-16F7-4668-BE54-9A1E7A4F7556}") = "ChatServer", "ChatServer\ChatServer.csproj", "{8BDF7160-AAA6-49B2-A733-C174E4802A35}"
EndProject
Project("{9A19103F-16F7-4668-BE54-9A1E7A4F7556}") = "Communications", "Communications\Communications.csproj", "{F9EFCA61-B10F-4D20-BCEC-70E7D8C48C5F}"
EndProject
Project("{9A19103F-16F7-4668-BE54-9A1E7A4F7556}") = "FileLogger", "FileLogger\FileLogger.csproj", "{C9572D6C-9205-4AE9-86F3-520ECBEBC538}"
EndProject
Project("{2150E333-8FDC-42A3-9474-1A3956D46DE8}") = "Solutions", "Solutions", "{5C5FD8A5-574C-4E09-BABC-FD26DF799275}"
	ProjectSection(SolutionItems) = preProject
		README.md = README.md
	EndProjectSection
EndProject
Global
	GlobalSection(SolutionConfigurationPlatforms) = preSolution
		Debug|Any CPU = Debug|Any CPU
		Release|Any CPU = Release|Any CPU
	EndGlobalSection
	GlobalSection(ProjectConfigurationPlatforms) = postSolution
		{F58FED01-0928-4E1F-A54B-8926C1601CA3}.Debug|Any CPU.ActiveCfg = Debug|Any CPU
		{F58FED01-0928-4E1F-A54B-8926C1601CA3}.Debug|Any CPU.Build.0 = Debug|Any CPU
		{F58FED01-0928-4E1F-A54B-8926C1601CA3}.Release|Any CPU.ActiveCfg = Release|Any CPU
		{F58FED01-0928-4E1F-A54B-8926C1601CA3}.Release|Any CPU.Build.0 = Release|Any CPU
		{8BDF7160-AAA6-49B2-A733-C174E4802A35}.Debug|Any CPU.ActiveCfg = Debug|Any CPU
		{8BDF7160-AAA6-49B2-A733-C174E4802A35}.Debug|Any CPU.Build.0 = Debug|Any CPU
		{8BDF7160-AAA6-49B2-A733-C174E4802A35}.Release|Any CPU.ActiveCfg = Release|Any CPU
		{8BDF7160-AAA6-49B2-A733-C174E4802A35}.Release|Any CPU.Build.0 = Release|Any CPU
		{F9EFCA61-B10F-4D20-BCEC-70E7D8C48C5F}.Debug|Any CPU.ActiveCfg = Debug|Any CPU
		{F9EFCA61-B10F-4D20-BCEC-70E7D8C48C5F}.Debug|Any CPU.Build.0 = Debug|Any CPU
		{F9EFCA61-B10F-4D20-BCEC-70E7D8C48C5F}.Release|Any CPU.ActiveCfg = Release|Any CPU
		{F9EFCA61-B10F-4D20-BCEC-70E7D8C48C5F}.Release|Any CPU.Build.0 = Release|Any CPU
		{C9572D6C-9205-4AE9-86F3-520ECBEBC538}.Debug|Any CPU.ActiveCfg = Debug|Any CPU
		{C9572D6C-9205-4AE9-86F3-520ECBEBC538}.Debug|Any CPU.Build.0 = Debug|Any CPU
		{C9572D6C-9205-4AE9-86F3-520ECBEBC538}.Release|Any CPU.ActiveCfg = Release|Any CPU
		{C9572D6C-9205-4AE9-86F3-520ECBEBC538}.Release|Any CPU.Build.0 = Release|Any CPU
	EndGlobalSection
	GlobalSection(SolutionProperties) = preSolution
		HideSolutionNode = FALSE
	EndGlobalSection
	GlobalSection(ExtensibilityGlobals) = postSolution
		SolutionGuid = {B4806434-A8CF-4748-88FF-AE7AA8C79918}
	EndGlobalSection
EndGlobal
